Microsoft Visual Studio Solution File, Format Version 12.00
Project("{9A19103F-16F7-4668-BE54-9A1E7A4F7556}") = "Kyoo", "Kyoo\Kyoo.csproj", "{0F8275B6-C7DD-42DF-A168-755C81B1C329}"
EndProject
Project("{FAE04EC0-301F-11D3-BF4B-00C04F79EFBC}") = "Kyoo.Common", "Kyoo.Common\Kyoo.Common.csproj", "{BAB2CAE1-AC28-4509-AA3E-8DC75BD59220}"
EndProject
Project("{FAE04EC0-301F-11D3-BF4B-00C04F79EFBC}") = "Kyoo.CommonAPI", "Kyoo.CommonAPI\Kyoo.CommonAPI.csproj", "{6F91B645-F785-46BB-9C4F-1EFC83E489B6}"
EndProject
Project("{FAE04EC0-301F-11D3-BF4B-00C04F79EFBC}") = "Kyoo.Tests", "Kyoo.Tests\Kyoo.Tests.csproj", "{D179D5FF-9F75-4B27-8E27-0DBDF1806611}"
EndProject
Project("{FAE04EC0-301F-11D3-BF4B-00C04F79EFBC}") = "Kyoo.Postgresql", "Kyoo.Postgresql\Kyoo.Postgresql.csproj", "{3213C96D-0BF3-460B-A8B5-B9977229408A}"
EndProject
Project("{FAE04EC0-301F-11D3-BF4B-00C04F79EFBC}") = "Kyoo.Authentication", "Kyoo.Authentication\Kyoo.Authentication.csproj", "{7A841335-6523-47DB-9717-80AA7BD943FD}"
EndProject
Global
	GlobalSection(SolutionConfigurationPlatforms) = preSolution
		Debug|Any CPU = Debug|Any CPU
		Release|Any CPU = Release|Any CPU
	EndGlobalSection
	GlobalSection(ProjectConfigurationPlatforms) = postSolution
		{0F8275B6-C7DD-42DF-A168-755C81B1C329}.Debug|Any CPU.ActiveCfg = Debug|Any CPU
		{0F8275B6-C7DD-42DF-A168-755C81B1C329}.Debug|Any CPU.Build.0 = Debug|Any CPU
		{0F8275B6-C7DD-42DF-A168-755C81B1C329}.Release|Any CPU.ActiveCfg = Release|Any CPU
		{0F8275B6-C7DD-42DF-A168-755C81B1C329}.Release|Any CPU.Build.0 = Release|Any CPU
		{BAB2CAE1-AC28-4509-AA3E-8DC75BD59220}.Debug|Any CPU.ActiveCfg = Debug|Any CPU
		{BAB2CAE1-AC28-4509-AA3E-8DC75BD59220}.Debug|Any CPU.Build.0 = Debug|Any CPU
		{BAB2CAE1-AC28-4509-AA3E-8DC75BD59220}.Release|Any CPU.ActiveCfg = Release|Any CPU
		{BAB2CAE1-AC28-4509-AA3E-8DC75BD59220}.Release|Any CPU.Build.0 = Release|Any CPU
		{6F91B645-F785-46BB-9C4F-1EFC83E489B6}.Debug|Any CPU.ActiveCfg = Debug|Any CPU
		{6F91B645-F785-46BB-9C4F-1EFC83E489B6}.Debug|Any CPU.Build.0 = Debug|Any CPU
		{6F91B645-F785-46BB-9C4F-1EFC83E489B6}.Release|Any CPU.ActiveCfg = Release|Any CPU
		{6F91B645-F785-46BB-9C4F-1EFC83E489B6}.Release|Any CPU.Build.0 = Release|Any CPU
		{D179D5FF-9F75-4B27-8E27-0DBDF1806611}.Debug|Any CPU.ActiveCfg = Debug|Any CPU
		{D179D5FF-9F75-4B27-8E27-0DBDF1806611}.Debug|Any CPU.Build.0 = Debug|Any CPU
		{D179D5FF-9F75-4B27-8E27-0DBDF1806611}.Release|Any CPU.ActiveCfg = Release|Any CPU
		{D179D5FF-9F75-4B27-8E27-0DBDF1806611}.Release|Any CPU.Build.0 = Release|Any CPU
		{3213C96D-0BF3-460B-A8B5-B9977229408A}.Debug|Any CPU.ActiveCfg = Debug|Any CPU
		{3213C96D-0BF3-460B-A8B5-B9977229408A}.Debug|Any CPU.Build.0 = Debug|Any CPU
		{3213C96D-0BF3-460B-A8B5-B9977229408A}.Release|Any CPU.ActiveCfg = Release|Any CPU
		{3213C96D-0BF3-460B-A8B5-B9977229408A}.Release|Any CPU.Build.0 = Release|Any CPU
		{7A841335-6523-47DB-9717-80AA7BD943FD}.Debug|Any CPU.ActiveCfg = Debug|Any CPU
		{7A841335-6523-47DB-9717-80AA7BD943FD}.Debug|Any CPU.Build.0 = Debug|Any CPU
		{7A841335-6523-47DB-9717-80AA7BD943FD}.Release|Any CPU.ActiveCfg = Release|Any CPU
		{7A841335-6523-47DB-9717-80AA7BD943FD}.Release|Any CPU.Build.0 = Release|Any CPU
	EndGlobalSection
EndGlobal
