Microsoft Visual Studio Solution File, Format Version 12.00
Project("{9A19103F-16F7-4668-BE54-9A1E7A4F7556}") = "Kyoo", "Kyoo\Kyoo.csproj", "{0F8275B6-C7DD-42DF-A168-755C81B1C329}"
EndProject
Project("{FAE04EC0-301F-11D3-BF4B-00C04F79EFBC}") = "Kyoo.Abstractions", "Kyoo.Abstractions\Kyoo.Abstractions.csproj", "{BAB2CAE1-AC28-4509-AA3E-8DC75BD59220}"
EndProject
Project("{FAE04EC0-301F-11D3-BF4B-00C04F79EFBC}") = "Kyoo.Database", "Kyoo.Database\Kyoo.Database.csproj", "{6F91B645-F785-46BB-9C4F-1EFC83E489B6}"
EndProject
Project("{FAE04EC0-301F-11D3-BF4B-00C04F79EFBC}") = "Kyoo.Postgresql", "Kyoo.Postgresql\Kyoo.Postgresql.csproj", "{3213C96D-0BF3-460B-A8B5-B9977229408A}"
EndProject
Project("{FAE04EC0-301F-11D3-BF4B-00C04F79EFBC}") = "Kyoo.Authentication", "Kyoo.Authentication\Kyoo.Authentication.csproj", "{7A841335-6523-47DB-9717-80AA7BD943FD}"
EndProject
Project("{FAE04EC0-301F-11D3-BF4B-00C04F79EFBC}") = "Kyoo.SqLite", "Kyoo.SqLite\Kyoo.SqLite.csproj", "{6515380E-1E57-42DA-B6E3-E1C8A848818A}"
EndProject
Project("{FAE04EC0-301F-11D3-BF4B-00C04F79EFBC}") = "Kyoo.TheTvdb", "Kyoo.TheTvdb\Kyoo.TheTvdb.csproj", "{D06BF829-23F5-40F3-A62D-627D9F4B4D6C}"
EndProject
Project("{FAE04EC0-301F-11D3-BF4B-00C04F79EFBC}") = "Kyoo.TheMovieDb", "Kyoo.TheMovieDb\Kyoo.TheMovieDb.csproj", "{BAB270D4-E0EA-4329-BA65-512FDAB01001}"
EndProject
Project("{FAE04EC0-301F-11D3-BF4B-00C04F79EFBC}") = "Kyoo.Tests", "tests\Kyoo.Tests\Kyoo.Tests.csproj", "{0C8AA7EA-E723-4532-852F-35AA4E8AFED5}"
EndProject
Project("{FAE04EC0-301F-11D3-BF4B-00C04F79EFBC}") = "Kyoo.WebApp", "Kyoo.WebApp\Kyoo.WebApp.csproj", "{2374D500-1ADB-4752-85DB-8BB0DDF5A8E8}"
EndProject
Project("{FAE04EC0-301F-11D3-BF4B-00C04F79EFBC}") = "Kyoo.Host.WindowsTrait", "Kyoo.Host.WindowsTrait\Kyoo.Host.WindowsTrait.csproj", "{98851001-40DD-46A6-94B3-2F8D90722076}"
EndProject
Project("{FAE04EC0-301F-11D3-BF4B-00C04F79EFBC}") = "Kyoo.Host.Console", "Kyoo.Host.Console\Kyoo.Host.Console.csproj", "{D8658BEA-8949-45AC-BEBB-A4FFC4F800F5}"
EndProject
Global
	GlobalSection(SolutionConfigurationPlatforms) = preSolution
		Debug|Any CPU = Debug|Any CPU
		Release|Any CPU = Release|Any CPU
	EndGlobalSection
	GlobalSection(ProjectConfigurationPlatforms) = postSolution
		{0F8275B6-C7DD-42DF-A168-755C81B1C329}.Debug|Any CPU.ActiveCfg = Debug|Any CPU
		{0F8275B6-C7DD-42DF-A168-755C81B1C329}.Debug|Any CPU.Build.0 = Debug|Any CPU
		{0F8275B6-C7DD-42DF-A168-755C81B1C329}.Release|Any CPU.ActiveCfg = Release|Any CPU
		{0F8275B6-C7DD-42DF-A168-755C81B1C329}.Release|Any CPU.Build.0 = Release|Any CPU
		{BAB2CAE1-AC28-4509-AA3E-8DC75BD59220}.Debug|Any CPU.ActiveCfg = Debug|Any CPU
		{BAB2CAE1-AC28-4509-AA3E-8DC75BD59220}.Debug|Any CPU.Build.0 = Debug|Any CPU
		{BAB2CAE1-AC28-4509-AA3E-8DC75BD59220}.Release|Any CPU.ActiveCfg = Release|Any CPU
		{BAB2CAE1-AC28-4509-AA3E-8DC75BD59220}.Release|Any CPU.Build.0 = Release|Any CPU
		{6F91B645-F785-46BB-9C4F-1EFC83E489B6}.Debug|Any CPU.ActiveCfg = Debug|Any CPU
		{6F91B645-F785-46BB-9C4F-1EFC83E489B6}.Debug|Any CPU.Build.0 = Debug|Any CPU
		{6F91B645-F785-46BB-9C4F-1EFC83E489B6}.Release|Any CPU.ActiveCfg = Release|Any CPU
		{6F91B645-F785-46BB-9C4F-1EFC83E489B6}.Release|Any CPU.Build.0 = Release|Any CPU
		{3213C96D-0BF3-460B-A8B5-B9977229408A}.Debug|Any CPU.ActiveCfg = Debug|Any CPU
		{3213C96D-0BF3-460B-A8B5-B9977229408A}.Debug|Any CPU.Build.0 = Debug|Any CPU
		{3213C96D-0BF3-460B-A8B5-B9977229408A}.Release|Any CPU.ActiveCfg = Release|Any CPU
		{3213C96D-0BF3-460B-A8B5-B9977229408A}.Release|Any CPU.Build.0 = Release|Any CPU
		{7A841335-6523-47DB-9717-80AA7BD943FD}.Debug|Any CPU.ActiveCfg = Debug|Any CPU
		{7A841335-6523-47DB-9717-80AA7BD943FD}.Debug|Any CPU.Build.0 = Debug|Any CPU
		{7A841335-6523-47DB-9717-80AA7BD943FD}.Release|Any CPU.ActiveCfg = Release|Any CPU
		{7A841335-6523-47DB-9717-80AA7BD943FD}.Release|Any CPU.Build.0 = Release|Any CPU
		{6515380E-1E57-42DA-B6E3-E1C8A848818A}.Debug|Any CPU.ActiveCfg = Debug|Any CPU
		{6515380E-1E57-42DA-B6E3-E1C8A848818A}.Debug|Any CPU.Build.0 = Debug|Any CPU
		{6515380E-1E57-42DA-B6E3-E1C8A848818A}.Release|Any CPU.ActiveCfg = Release|Any CPU
		{6515380E-1E57-42DA-B6E3-E1C8A848818A}.Release|Any CPU.Build.0 = Release|Any CPU
		{D06BF829-23F5-40F3-A62D-627D9F4B4D6C}.Debug|Any CPU.ActiveCfg = Debug|Any CPU
		{D06BF829-23F5-40F3-A62D-627D9F4B4D6C}.Debug|Any CPU.Build.0 = Debug|Any CPU
		{D06BF829-23F5-40F3-A62D-627D9F4B4D6C}.Release|Any CPU.ActiveCfg = Release|Any CPU
		{D06BF829-23F5-40F3-A62D-627D9F4B4D6C}.Release|Any CPU.Build.0 = Release|Any CPU
		{BAB270D4-E0EA-4329-BA65-512FDAB01001}.Debug|Any CPU.ActiveCfg = Debug|Any CPU
		{BAB270D4-E0EA-4329-BA65-512FDAB01001}.Debug|Any CPU.Build.0 = Debug|Any CPU
		{BAB270D4-E0EA-4329-BA65-512FDAB01001}.Release|Any CPU.ActiveCfg = Release|Any CPU
		{BAB270D4-E0EA-4329-BA65-512FDAB01001}.Release|Any CPU.Build.0 = Release|Any CPU
		{0C8AA7EA-E723-4532-852F-35AA4E8AFED5}.Debug|Any CPU.ActiveCfg = Debug|Any CPU
		{0C8AA7EA-E723-4532-852F-35AA4E8AFED5}.Debug|Any CPU.Build.0 = Debug|Any CPU
		{0C8AA7EA-E723-4532-852F-35AA4E8AFED5}.Release|Any CPU.ActiveCfg = Release|Any CPU
		{0C8AA7EA-E723-4532-852F-35AA4E8AFED5}.Release|Any CPU.Build.0 = Release|Any CPU
		{2374D500-1ADB-4752-85DB-8BB0DDF5A8E8}.Debug|Any CPU.ActiveCfg = Debug|Any CPU
		{2374D500-1ADB-4752-85DB-8BB0DDF5A8E8}.Debug|Any CPU.Build.0 = Debug|Any CPU
		{2374D500-1ADB-4752-85DB-8BB0DDF5A8E8}.Release|Any CPU.ActiveCfg = Release|Any CPU
		{2374D500-1ADB-4752-85DB-8BB0DDF5A8E8}.Release|Any CPU.Build.0 = Release|Any CPU
		{4FF1ECD9-6EEF-4440-B037-A661D78FB04D}.Debug|Any CPU.ActiveCfg = Debug|Any CPU
		{4FF1ECD9-6EEF-4440-B037-A661D78FB04D}.Debug|Any CPU.Build.0 = Debug|Any CPU
		{4FF1ECD9-6EEF-4440-B037-A661D78FB04D}.Release|Any CPU.ActiveCfg = Release|Any CPU
		{4FF1ECD9-6EEF-4440-B037-A661D78FB04D}.Release|Any CPU.Build.0 = Release|Any CPU
		{98851001-40DD-46A6-94B3-2F8D90722076}.Debug|Any CPU.ActiveCfg = Debug|Any CPU
		{98851001-40DD-46A6-94B3-2F8D90722076}.Debug|Any CPU.Build.0 = Debug|Any CPU
		{98851001-40DD-46A6-94B3-2F8D90722076}.Release|Any CPU.ActiveCfg = Release|Any CPU
		{98851001-40DD-46A6-94B3-2F8D90722076}.Release|Any CPU.Build.0 = Release|Any CPU
		{D8658BEA-8949-45AC-BEBB-A4FFC4F800F5}.Debug|Any CPU.ActiveCfg = Debug|Any CPU
		{D8658BEA-8949-45AC-BEBB-A4FFC4F800F5}.Debug|Any CPU.Build.0 = Debug|Any CPU
		{D8658BEA-8949-45AC-BEBB-A4FFC4F800F5}.Release|Any CPU.ActiveCfg = Release|Any CPU
		{D8658BEA-8949-45AC-BEBB-A4FFC4F800F5}.Release|Any CPU.Build.0 = Release|Any CPU
	EndGlobalSection
EndGlobal
