Microsoft Visual Studio Solution File, Format Version 12.00
#
Project("{9A19103F-16F7-4668-BE54-9A1E7A4F7556}") = "Kyoo.Core", "src\Kyoo.Core\Kyoo.Core.csproj", "{0F8275B6-C7DD-42DF-A168-755C81B1C329}"
EndProject
Project("{FAE04EC0-301F-11D3-BF4B-00C04F79EFBC}") = "Kyoo.Abstractions", "src\Kyoo.Abstractions\Kyoo.Abstractions.csproj", "{BAB2CAE1-AC28-4509-AA3E-8DC75BD59220}"
EndProject
Project("{FAE04EC0-301F-11D3-BF4B-00C04F79EFBC}") = "Kyoo.Postgresql", "src\Kyoo.Postgresql\Kyoo.Postgresql.csproj", "{3213C96D-0BF3-460B-A8B5-B9977229408A}"
EndProject
Project("{FAE04EC0-301F-11D3-BF4B-00C04F79EFBC}") = "Kyoo.Authentication", "src\Kyoo.Authentication\Kyoo.Authentication.csproj", "{7A841335-6523-47DB-9717-80AA7BD943FD}"
EndProject
Project("{FAE04EC0-301F-11D3-BF4B-00C04F79EFBC}") = "Kyoo.Swagger", "src\Kyoo.Swagger\Kyoo.Swagger.csproj", "{7D1A7596-73F6-4D35-842E-A5AD9C620596}"
EndProject
Project("{FAE04EC0-301F-11D3-BF4B-00C04F79EFBC}") = "Kyoo.Meilisearch", "src\Kyoo.Meilisearch\Kyoo.Meilisearch.csproj", "{F8E6018A-FD51-40EB-99FF-A26BA59F2762}"
EndProject
Project("{FAE04EC0-301F-11D3-BF4B-00C04F79EFBC}") = "Kyoo.RabbitMq", "src\Kyoo.RabbitMq\Kyoo.RabbitMq.csproj", "{B97AD4A8-E6E6-41CD-87DF-5F1326FD7198}"
EndProject
Global
	GlobalSection(SolutionConfigurationPlatforms) = preSolution
		Debug|Any CPU = Debug|Any CPU
		Release|Any CPU = Release|Any CPU
	EndGlobalSection
	GlobalSection(ProjectConfigurationPlatforms) = postSolution
		{0F8275B6-C7DD-42DF-A168-755C81B1C329}.Debug|Any CPU.ActiveCfg = Debug|Any CPU
		{0F8275B6-C7DD-42DF-A168-755C81B1C329}.Debug|Any CPU.Build.0 = Debug|Any CPU
		{0F8275B6-C7DD-42DF-A168-755C81B1C329}.Release|Any CPU.ActiveCfg = Release|Any CPU
		{0F8275B6-C7DD-42DF-A168-755C81B1C329}.Release|Any CPU.Build.0 = Release|Any CPU
		{BAB2CAE1-AC28-4509-AA3E-8DC75BD59220}.Debug|Any CPU.ActiveCfg = Debug|Any CPU
		{BAB2CAE1-AC28-4509-AA3E-8DC75BD59220}.Debug|Any CPU.Build.0 = Debug|Any CPU
		{BAB2CAE1-AC28-4509-AA3E-8DC75BD59220}.Release|Any CPU.ActiveCfg = Release|Any CPU
		{BAB2CAE1-AC28-4509-AA3E-8DC75BD59220}.Release|Any CPU.Build.0 = Release|Any CPU
		{3213C96D-0BF3-460B-A8B5-B9977229408A}.Debug|Any CPU.ActiveCfg = Debug|Any CPU
		{3213C96D-0BF3-460B-A8B5-B9977229408A}.Debug|Any CPU.Build.0 = Debug|Any CPU
		{3213C96D-0BF3-460B-A8B5-B9977229408A}.Release|Any CPU.ActiveCfg = Release|Any CPU
		{3213C96D-0BF3-460B-A8B5-B9977229408A}.Release|Any CPU.Build.0 = Release|Any CPU
		{7A841335-6523-47DB-9717-80AA7BD943FD}.Debug|Any CPU.ActiveCfg = Debug|Any CPU
		{7A841335-6523-47DB-9717-80AA7BD943FD}.Debug|Any CPU.Build.0 = Debug|Any CPU
		{7A841335-6523-47DB-9717-80AA7BD943FD}.Release|Any CPU.ActiveCfg = Release|Any CPU
		{7A841335-6523-47DB-9717-80AA7BD943FD}.Release|Any CPU.Build.0 = Release|Any CPU
		{6515380E-1E57-42DA-B6E3-E1C8A848818A}.Debug|Any CPU.ActiveCfg = Debug|Any CPU
		{6515380E-1E57-42DA-B6E3-E1C8A848818A}.Debug|Any CPU.Build.0 = Debug|Any CPU
		{6515380E-1E57-42DA-B6E3-E1C8A848818A}.Release|Any CPU.ActiveCfg = Release|Any CPU
		{6515380E-1E57-42DA-B6E3-E1C8A848818A}.Release|Any CPU.Build.0 = Release|Any CPU
		{2374D500-1ADB-4752-85DB-8BB0DDF5A8E8}.Debug|Any CPU.ActiveCfg = Debug|Any CPU
		{2374D500-1ADB-4752-85DB-8BB0DDF5A8E8}.Debug|Any CPU.Build.0 = Debug|Any CPU
		{2374D500-1ADB-4752-85DB-8BB0DDF5A8E8}.Release|Any CPU.ActiveCfg = Release|Any CPU
		{2374D500-1ADB-4752-85DB-8BB0DDF5A8E8}.Release|Any CPU.Build.0 = Release|Any CPU
		{4FF1ECD9-6EEF-4440-B037-A661D78FB04D}.Debug|Any CPU.ActiveCfg = Debug|Any CPU
		{4FF1ECD9-6EEF-4440-B037-A661D78FB04D}.Debug|Any CPU.Build.0 = Debug|Any CPU
		{4FF1ECD9-6EEF-4440-B037-A661D78FB04D}.Release|Any CPU.ActiveCfg = Release|Any CPU
		{4FF1ECD9-6EEF-4440-B037-A661D78FB04D}.Release|Any CPU.Build.0 = Release|Any CPU
		{7D1A7596-73F6-4D35-842E-A5AD9C620596}.Debug|Any CPU.ActiveCfg = Debug|Any CPU
		{7D1A7596-73F6-4D35-842E-A5AD9C620596}.Debug|Any CPU.Build.0 = Debug|Any CPU
		{7D1A7596-73F6-4D35-842E-A5AD9C620596}.Release|Any CPU.ActiveCfg = Release|Any CPU
		{7D1A7596-73F6-4D35-842E-A5AD9C620596}.Release|Any CPU.Build.0 = Release|Any CPU
		{F8E6018A-FD51-40EB-99FF-A26BA59F2762}.Debug|Any CPU.ActiveCfg = Debug|Any CPU
		{F8E6018A-FD51-40EB-99FF-A26BA59F2762}.Debug|Any CPU.Build.0 = Debug|Any CPU
		{F8E6018A-FD51-40EB-99FF-A26BA59F2762}.Release|Any CPU.ActiveCfg = Release|Any CPU
		{F8E6018A-FD51-40EB-99FF-A26BA59F2762}.Release|Any CPU.Build.0 = Release|Any CPU
		{B97AD4A8-E6E6-41CD-87DF-5F1326FD7198}.Debug|Any CPU.ActiveCfg = Debug|Any CPU
		{B97AD4A8-E6E6-41CD-87DF-5F1326FD7198}.Debug|Any CPU.Build.0 = Debug|Any CPU
		{B97AD4A8-E6E6-41CD-87DF-5F1326FD7198}.Release|Any CPU.ActiveCfg = Release|Any CPU
		{B97AD4A8-E6E6-41CD-87DF-5F1326FD7198}.Release|Any CPU.Build.0 = Release|Any CPU
	EndGlobalSection
EndGlobal
